
Microsoft Visual Studio Solution File, Format Version 12.00
# Visual Studio Version 17
VisualStudioVersion = 17.7.34202.233
MinimumVisualStudioVersion = 10.0.40219.1
Project("{FAE04EC0-301F-11D3-BF4B-00C04F79EFBC}") = "DesingASP1", "DesingASP1\DesingASP1.csproj", "{9E00D9E8-E5AF-49CA-8940-2A43A6C51B66}"
EndProject
Project("{FAE04EC0-301F-11D3-BF4B-00C04F79EFBC}") = "Tools", "Tools\Tools.csproj", "{AFCE1ACA-9F68-43AA-A9D3-033FC68DDD0E}"
EndProject
Global
	GlobalSection(SolutionConfigurationPlatforms) = preSolution
		Debug|Any CPU = Debug|Any CPU
		Release|Any CPU = Release|Any CPU
	EndGlobalSection
	GlobalSection(ProjectConfigurationPlatforms) = postSolution
		{9E00D9E8-E5AF-49CA-8940-2A43A6C51B66}.Debug|Any CPU.ActiveCfg = Debug|Any CPU
		{9E00D9E8-E5AF-49CA-8940-2A43A6C51B66}.Debug|Any CPU.Build.0 = Debug|Any CPU
		{9E00D9E8-E5AF-49CA-8940-2A43A6C51B66}.Release|Any CPU.ActiveCfg = Release|Any CPU
		{9E00D9E8-E5AF-49CA-8940-2A43A6C51B66}.Release|Any CPU.Build.0 = Release|Any CPU
		{AFCE1ACA-9F68-43AA-A9D3-033FC68DDD0E}.Debug|Any CPU.ActiveCfg = Debug|Any CPU
		{AFCE1ACA-9F68-43AA-A9D3-033FC68DDD0E}.Debug|Any CPU.Build.0 = Debug|Any CPU
		{AFCE1ACA-9F68-43AA-A9D3-033FC68DDD0E}.Release|Any CPU.ActiveCfg = Release|Any CPU
		{AFCE1ACA-9F68-43AA-A9D3-033FC68DDD0E}.Release|Any CPU.Build.0 = Release|Any CPU
	EndGlobalSection
	GlobalSection(SolutionProperties) = preSolution
		HideSolutionNode = FALSE
	EndGlobalSection
	GlobalSection(ExtensibilityGlobals) = postSolution
		SolutionGuid = {7B94582A-118E-4718-8BD1-1B241CB24305}
	EndGlobalSection
EndGlobal
